// !$*UTF8*$!
{
	archiveVersion = 1;
	classes = {
	};
	objectVersion = 51;
	objects = {

/* Begin PBXBuildFile section */
		5706590F272ABEC600850249 /* UITableView.swift in Sources */ = {isa = PBXBuildFile; fileRef = 5706590E272ABEC600850249 /* UITableView.swift */; };
		575382EB26EE523D00FA03E5 /* TaskDetailViewDataSource.swift in Sources */ = {isa = PBXBuildFile; fileRef = 575382EA26EE523D00FA03E5 /* TaskDetailViewDataSource.swift */; };
		576849C627727AD200B4CDAD /* checkmark.json in Resources */ = {isa = PBXBuildFile; fileRef = 576849C527727AD200B4CDAD /* checkmark.json */; };
		576849C82773A99100B4CDAD /* add.json in Resources */ = {isa = PBXBuildFile; fileRef = 576849C72773A98F00B4CDAD /* add.json */; };
		577388AA273074D800677677 /* TaskDoneTableViewController.swift in Sources */ = {isa = PBXBuildFile; fileRef = 577388A9273074D800677677 /* TaskDoneTableViewController.swift */; };
		577388AC2733508100677677 /* TaskDueDate.swift in Sources */ = {isa = PBXBuildFile; fileRef = 577388AB2733508000677677 /* TaskDueDate.swift */; };
		5776C5F7271F94A300837301 /* TaskListTableViewCell.swift in Sources */ = {isa = PBXBuildFile; fileRef = 5776C5F5271F94A300837301 /* TaskListTableViewCell.swift */; };
		5776C5F8271F94A300837301 /* TaskListTableViewCell.xib in Resources */ = {isa = PBXBuildFile; fileRef = 5776C5F6271F94A300837301 /* TaskListTableViewCell.xib */; };
		578309E1272B68BB0037EB4A /* TaskAccessObject.swift in Sources */ = {isa = PBXBuildFile; fileRef = 578309E0272B68BB0037EB4A /* TaskAccessObject.swift */; };
		5785FFBC26EBDB890035175F /* TaskListDataSource.swift in Sources */ = {isa = PBXBuildFile; fileRef = 5785FFBB26EBDB890035175F /* TaskListDataSource.swift */; };
		5795176726AF2D420019280E /* AppDelegate.swift in Sources */ = {isa = PBXBuildFile; fileRef = 5795176626AF2D420019280E /* AppDelegate.swift */; };
		5795176926AF2D420019280E /* SceneDelegate.swift in Sources */ = {isa = PBXBuildFile; fileRef = 5795176826AF2D420019280E /* SceneDelegate.swift */; };
		5795176E26AF2D420019280E /* Main.storyboard in Resources */ = {isa = PBXBuildFile; fileRef = 5795176C26AF2D420019280E /* Main.storyboard */; };
		5795177026AF2D4A0019280E /* Assets.xcassets in Resources */ = {isa = PBXBuildFile; fileRef = 5795176F26AF2D4A0019280E /* Assets.xcassets */; };
		5795177326AF2D4A0019280E /* LaunchScreen.storyboard in Resources */ = {isa = PBXBuildFile; fileRef = 5795177126AF2D4A0019280E /* LaunchScreen.storyboard */; };
		5795178026AF2F6B0019280E /* TaskListViewController.swift in Sources */ = {isa = PBXBuildFile; fileRef = 5795177B26AF2F6B0019280E /* TaskListViewController.swift */; };
		5795178126AF2F6B0019280E /* Task.swift in Sources */ = {isa = PBXBuildFile; fileRef = 5795177C26AF2F6B0019280E /* Task.swift */; };
		57AA33D226C454CC00D839F2 /* TaskDetailViewController.swift in Sources */ = {isa = PBXBuildFile; fileRef = 57AA33D126C454CB00D839F2 /* TaskDetailViewController.swift */; };
		57BAFDDB2754FA94001842F9 /* TaskDoneViewCell.swift in Sources */ = {isa = PBXBuildFile; fileRef = 57BAFDD92754FA94001842F9 /* TaskDoneViewCell.swift */; };
		57BAFDDC2754FA94001842F9 /* TaskDoneViewCell.xib in Resources */ = {isa = PBXBuildFile; fileRef = 57BAFDDA2754FA94001842F9 /* TaskDoneViewCell.xib */; };
		57D6288D272C7341000B6D0D /* TaskDetailTableViewCell.swift in Sources */ = {isa = PBXBuildFile; fileRef = 57D6288C272C7341000B6D0D /* TaskDetailTableViewCell.swift */; };
		80F255B81F98D7A7535A1D74 /* Pods_Task.framework in Frameworks */ = {isa = PBXBuildFile; fileRef = D79515D4AB5DC31C4EFCCD39 /* Pods_Task.framework */; };
/* End PBXBuildFile section */

/* Begin PBXFileReference section */
		5706590E272ABEC600850249 /* UITableView.swift */ = {isa = PBXFileReference; lastKnownFileType = sourcecode.swift; path = UITableView.swift; sourceTree = "<group>"; };
		575382EA26EE523D00FA03E5 /* TaskDetailViewDataSource.swift */ = {isa = PBXFileReference; lastKnownFileType = sourcecode.swift; path = TaskDetailViewDataSource.swift; sourceTree = "<group>"; };
		576849C527727AD200B4CDAD /* checkmark.json */ = {isa = PBXFileReference; fileEncoding = 4; lastKnownFileType = text.json; path = checkmark.json; sourceTree = "<group>"; };
		576849C72773A98F00B4CDAD /* add.json */ = {isa = PBXFileReference; fileEncoding = 4; lastKnownFileType = text.json; path = add.json; sourceTree = "<group>"; };
		577388A9273074D800677677 /* TaskDoneTableViewController.swift */ = {isa = PBXFileReference; lastKnownFileType = sourcecode.swift; path = TaskDoneTableViewController.swift; sourceTree = "<group>"; };
		577388AB2733508000677677 /* TaskDueDate.swift */ = {isa = PBXFileReference; lastKnownFileType = sourcecode.swift; path = TaskDueDate.swift; sourceTree = "<group>"; };
		5776C5F5271F94A300837301 /* TaskListTableViewCell.swift */ = {isa = PBXFileReference; lastKnownFileType = sourcecode.swift; path = TaskListTableViewCell.swift; sourceTree = "<group>"; };
		5776C5F6271F94A300837301 /* TaskListTableViewCell.xib */ = {isa = PBXFileReference; lastKnownFileType = file.xib; path = TaskListTableViewCell.xib; sourceTree = "<group>"; };
		578309E0272B68BB0037EB4A /* TaskAccessObject.swift */ = {isa = PBXFileReference; lastKnownFileType = sourcecode.swift; path = TaskAccessObject.swift; sourceTree = "<group>"; };
		5785FFBB26EBDB890035175F /* TaskListDataSource.swift */ = {isa = PBXFileReference; lastKnownFileType = sourcecode.swift; path = TaskListDataSource.swift; sourceTree = "<group>"; };
		5795176326AF2D420019280E /* Task.app */ = {isa = PBXFileReference; explicitFileType = wrapper.application; includeInIndex = 0; path = Task.app; sourceTree = BUILT_PRODUCTS_DIR; };
		5795176626AF2D420019280E /* AppDelegate.swift */ = {isa = PBXFileReference; lastKnownFileType = sourcecode.swift; path = AppDelegate.swift; sourceTree = "<group>"; };
		5795176826AF2D420019280E /* SceneDelegate.swift */ = {isa = PBXFileReference; lastKnownFileType = sourcecode.swift; path = SceneDelegate.swift; sourceTree = "<group>"; };
		5795176D26AF2D420019280E /* Base */ = {isa = PBXFileReference; lastKnownFileType = file.storyboard; name = Base; path = Base.lproj/Main.storyboard; sourceTree = "<group>"; };
		5795176F26AF2D4A0019280E /* Assets.xcassets */ = {isa = PBXFileReference; lastKnownFileType = folder.assetcatalog; path = Assets.xcassets; sourceTree = "<group>"; };
		5795177226AF2D4A0019280E /* Base */ = {isa = PBXFileReference; lastKnownFileType = file.storyboard; name = Base; path = Base.lproj/LaunchScreen.storyboard; sourceTree = "<group>"; };
		5795177426AF2D4A0019280E /* Info.plist */ = {isa = PBXFileReference; lastKnownFileType = text.plist.xml; path = Info.plist; sourceTree = "<group>"; };
		5795177B26AF2F6B0019280E /* TaskListViewController.swift */ = {isa = PBXFileReference; fileEncoding = 4; lastKnownFileType = sourcecode.swift; path = TaskListViewController.swift; sourceTree = "<group>"; };
		5795177C26AF2F6B0019280E /* Task.swift */ = {isa = PBXFileReference; fileEncoding = 4; lastKnownFileType = sourcecode.swift; path = Task.swift; sourceTree = "<group>"; };
		57AA33D126C454CB00D839F2 /* TaskDetailViewController.swift */ = {isa = PBXFileReference; lastKnownFileType = sourcecode.swift; path = TaskDetailViewController.swift; sourceTree = "<group>"; };
		57BAFDD92754FA94001842F9 /* TaskDoneViewCell.swift */ = {isa = PBXFileReference; lastKnownFileType = sourcecode.swift; path = TaskDoneViewCell.swift; sourceTree = "<group>"; };
		57BAFDDA2754FA94001842F9 /* TaskDoneViewCell.xib */ = {isa = PBXFileReference; lastKnownFileType = file.xib; path = TaskDoneViewCell.xib; sourceTree = "<group>"; };
		57D6288C272C7341000B6D0D /* TaskDetailTableViewCell.swift */ = {isa = PBXFileReference; lastKnownFileType = sourcecode.swift; path = TaskDetailTableViewCell.swift; sourceTree = "<group>"; };
		6D8CDE47A3C21DA2A1BD2A60 /* Pods-Task.debug.xcconfig */ = {isa = PBXFileReference; includeInIndex = 1; lastKnownFileType = text.xcconfig; name = "Pods-Task.debug.xcconfig"; path = "Target Support Files/Pods-Task/Pods-Task.debug.xcconfig"; sourceTree = "<group>"; };
		D79515D4AB5DC31C4EFCCD39 /* Pods_Task.framework */ = {isa = PBXFileReference; explicitFileType = wrapper.framework; includeInIndex = 0; path = Pods_Task.framework; sourceTree = BUILT_PRODUCTS_DIR; };
		DCF0595063BC9B435AA11F37 /* Pods-Task.release.xcconfig */ = {isa = PBXFileReference; includeInIndex = 1; lastKnownFileType = text.xcconfig; name = "Pods-Task.release.xcconfig"; path = "Target Support Files/Pods-Task/Pods-Task.release.xcconfig"; sourceTree = "<group>"; };
/* End PBXFileReference section */

/* Begin PBXFrameworksBuildPhase section */
		5795176026AF2D410019280E /* Frameworks */ = {
			isa = PBXFrameworksBuildPhase;
			buildActionMask = 2147483647;
			files = (
				80F255B81F98D7A7535A1D74 /* Pods_Task.framework in Frameworks */,
			);
			runOnlyForDeploymentPostprocessing = 0;
		};
/* End PBXFrameworksBuildPhase section */

/* Begin PBXGroup section */
		403C97C8A346C9FB730D908F /* Pods */ = {
			isa = PBXGroup;
			children = (
				6D8CDE47A3C21DA2A1BD2A60 /* Pods-Task.debug.xcconfig */,
				DCF0595063BC9B435AA11F37 /* Pods-Task.release.xcconfig */,
			);
			path = Pods;
			sourceTree = "<group>";
		};
		57065914272AC0DA00850249 /* DataSource */ = {
			isa = PBXGroup;
			children = (
				5785FFBB26EBDB890035175F /* TaskListDataSource.swift */,
				575382EA26EE523D00FA03E5 /* TaskDetailViewDataSource.swift */,
			);
			path = DataSource;
			sourceTree = "<group>";
		};
		5715864426C1477C0060D1F5 /* View */ = {
			isa = PBXGroup;
			children = (
				57BAFDD52754F99D001842F9 /* Today */,
				57BAFDD62754F9AB001842F9 /* Done */,
				57AA33D126C454CB00D839F2 /* TaskDetailViewController.swift */,
				5795176C26AF2D420019280E /* Main.storyboard */,
				57E2753D272C6652000F2167 /* Cell Detail */,
			);
			path = View;
			sourceTree = "<group>";
		};
		5715864526C147AB0060D1F5 /* Model */ = {
			isa = PBXGroup;
			children = (
				5795177C26AF2F6B0019280E /* Task.swift */,
				578309E0272B68BB0037EB4A /* TaskAccessObject.swift */,
				577388AB2733508000677677 /* TaskDueDate.swift */,
			);
			path = Model;
			sourceTree = "<group>";
		};
		576E38AC26CA66D400EC1714 /* Extensions */ = {
			isa = PBXGroup;
			children = (
				5706590E272ABEC600850249 /* UITableView.swift */,
			);
			path = Extensions;
			sourceTree = "<group>";
		};
		5795175A26AF2D410019280E = {
			isa = PBXGroup;
			children = (
				5795176526AF2D420019280E /* Task */,
				5795176426AF2D420019280E /* Products */,
				403C97C8A346C9FB730D908F /* Pods */,
				DCABD8B9B62E7F4F1D07DC59 /* Frameworks */,
			);
			sourceTree = "<group>";
		};
		5795176426AF2D420019280E /* Products */ = {
			isa = PBXGroup;
			children = (
				5795176326AF2D420019280E /* Task.app */,
			);
			name = Products;
			sourceTree = "<group>";
		};
		5795176526AF2D420019280E /* Task */ = {
			isa = PBXGroup;
			children = (
				5795176626AF2D420019280E /* AppDelegate.swift */,
				5795176826AF2D420019280E /* SceneDelegate.swift */,
				576E38AC26CA66D400EC1714 /* Extensions */,
				5715864526C147AB0060D1F5 /* Model */,
				57065914272AC0DA00850249 /* DataSource */,
				5715864426C1477C0060D1F5 /* View */,
				5795176F26AF2D4A0019280E /* Assets.xcassets */,
				5795177126AF2D4A0019280E /* LaunchScreen.storyboard */,
				5795177426AF2D4A0019280E /* Info.plist */,
				576849C72773A98F00B4CDAD /* add.json */,
				576849C527727AD200B4CDAD /* checkmark.json */,
			);
			path = Task;
			sourceTree = "<group>";
		};
		57BAFDD52754F99D001842F9 /* Today */ = {
			isa = PBXGroup;
			children = (
				5795177B26AF2F6B0019280E /* TaskListViewController.swift */,
				57BAFDD72754FA06001842F9 /* Cell */,
			);
			path = Today;
			sourceTree = "<group>";
		};
		57BAFDD62754F9AB001842F9 /* Done */ = {
			isa = PBXGroup;
			children = (
				577388A9273074D800677677 /* TaskDoneTableViewController.swift */,
				57BAFDD82754FA26001842F9 /* Cell */,
			);
			path = Done;
			sourceTree = "<group>";
		};
		57BAFDD72754FA06001842F9 /* Cell */ = {
			isa = PBXGroup;
			children = (
				5776C5F5271F94A300837301 /* TaskListTableViewCell.swift */,
				5776C5F6271F94A300837301 /* TaskListTableViewCell.xib */,
			);
			path = Cell;
			sourceTree = "<group>";
		};
		57BAFDD82754FA26001842F9 /* Cell */ = {
			isa = PBXGroup;
			children = (
				57BAFDD92754FA94001842F9 /* TaskDoneViewCell.swift */,
				57BAFDDA2754FA94001842F9 /* TaskDoneViewCell.xib */,
			);
			path = Cell;
			sourceTree = "<group>";
		};
		57E2753D272C6652000F2167 /* Cell Detail */ = {
			isa = PBXGroup;
			children = (
				57D6288C272C7341000B6D0D /* TaskDetailTableViewCell.swift */,
			);
			path = "Cell Detail";
			sourceTree = "<group>";
		};
		DCABD8B9B62E7F4F1D07DC59 /* Frameworks */ = {
			isa = PBXGroup;
			children = (
				D79515D4AB5DC31C4EFCCD39 /* Pods_Task.framework */,
			);
			name = Frameworks;
			sourceTree = "<group>";
		};
/* End PBXGroup section */

/* Begin PBXNativeTarget section */
		5795176226AF2D410019280E /* Task */ = {
			isa = PBXNativeTarget;
			buildConfigurationList = 5795177726AF2D4A0019280E /* Build configuration list for PBXNativeTarget "Task" */;
			buildPhases = (
				E160BD3CB434E5C9BE755227 /* [CP] Check Pods Manifest.lock */,
				5795175F26AF2D410019280E /* Sources */,
				5795176026AF2D410019280E /* Frameworks */,
				5795176126AF2D410019280E /* Resources */,
				B2A72B8B3322FB8D5A416D2C /* [CP] Embed Pods Frameworks */,
			);
			buildRules = (
			);
			dependencies = (
			);
			name = Task;
			productName = Task;
			productReference = 5795176326AF2D420019280E /* Task.app */;
			productType = "com.apple.product-type.application";
		};
/* End PBXNativeTarget section */

/* Begin PBXProject section */
		5795175B26AF2D410019280E /* Project object */ = {
			isa = PBXProject;
			attributes = {
				LastSwiftUpdateCheck = 1250;
				LastUpgradeCheck = 1250;
				TargetAttributes = {
					5795176226AF2D410019280E = {
						CreatedOnToolsVersion = 12.5.1;
					};
				};
			};
			buildConfigurationList = 5795175E26AF2D410019280E /* Build configuration list for PBXProject "Task" */;
			compatibilityVersion = "Xcode 9.3";
			developmentRegion = en;
			hasScannedForEncodings = 0;
			knownRegions = (
				en,
				Base,
			);
			mainGroup = 5795175A26AF2D410019280E;
			productRefGroup = 5795176426AF2D420019280E /* Products */;
			projectDirPath = "";
			projectRoot = "";
			targets = (
				5795176226AF2D410019280E /* Task */,
			);
		};
/* End PBXProject section */

/* Begin PBXResourcesBuildPhase section */
		5795176126AF2D410019280E /* Resources */ = {
			isa = PBXResourcesBuildPhase;
			buildActionMask = 2147483647;
			files = (
				5795177326AF2D4A0019280E /* LaunchScreen.storyboard in Resources */,
				5795177026AF2D4A0019280E /* Assets.xcassets in Resources */,
				576849C82773A99100B4CDAD /* add.json in Resources */,
				57BAFDDC2754FA94001842F9 /* TaskDoneViewCell.xib in Resources */,
				576849C627727AD200B4CDAD /* checkmark.json in Resources */,
				5776C5F8271F94A300837301 /* TaskListTableViewCell.xib in Resources */,
				5795176E26AF2D420019280E /* Main.storyboard in Resources */,
			);
			runOnlyForDeploymentPostprocessing = 0;
		};
/* End PBXResourcesBuildPhase section */

/* Begin PBXShellScriptBuildPhase section */
		B2A72B8B3322FB8D5A416D2C /* [CP] Embed Pods Frameworks */ = {
			isa = PBXShellScriptBuildPhase;
			buildActionMask = 2147483647;
			files = (
			);
			inputFileListPaths = (
				"${PODS_ROOT}/Target Support Files/Pods-Task/Pods-Task-frameworks-${CONFIGURATION}-input-files.xcfilelist",
			);
			name = "[CP] Embed Pods Frameworks";
			outputFileListPaths = (
				"${PODS_ROOT}/Target Support Files/Pods-Task/Pods-Task-frameworks-${CONFIGURATION}-output-files.xcfilelist",
			);
			runOnlyForDeploymentPostprocessing = 0;
			shellPath = /bin/sh;
			shellScript = "\"${PODS_ROOT}/Target Support Files/Pods-Task/Pods-Task-frameworks.sh\"\n";
			showEnvVarsInLog = 0;
		};
		E160BD3CB434E5C9BE755227 /* [CP] Check Pods Manifest.lock */ = {
			isa = PBXShellScriptBuildPhase;
			buildActionMask = 2147483647;
			files = (
			);
			inputFileListPaths = (
			);
			inputPaths = (
				"${PODS_PODFILE_DIR_PATH}/Podfile.lock",
				"${PODS_ROOT}/Manifest.lock",
			);
			name = "[CP] Check Pods Manifest.lock";
			outputFileListPaths = (
			);
			outputPaths = (
				"$(DERIVED_FILE_DIR)/Pods-Task-checkManifestLockResult.txt",
			);
			runOnlyForDeploymentPostprocessing = 0;
			shellPath = /bin/sh;
			shellScript = "diff \"${PODS_PODFILE_DIR_PATH}/Podfile.lock\" \"${PODS_ROOT}/Manifest.lock\" > /dev/null\nif [ $? != 0 ] ; then\n    # print error to STDERR\n    echo \"error: The sandbox is not in sync with the Podfile.lock. Run 'pod install' or update your CocoaPods installation.\" >&2\n    exit 1\nfi\n# This output is used by Xcode 'outputs' to avoid re-running this script phase.\necho \"SUCCESS\" > \"${SCRIPT_OUTPUT_FILE_0}\"\n";
			showEnvVarsInLog = 0;
		};
/* End PBXShellScriptBuildPhase section */

/* Begin PBXSourcesBuildPhase section */
		5795175F26AF2D410019280E /* Sources */ = {
			isa = PBXSourcesBuildPhase;
			buildActionMask = 2147483647;
			files = (
				57AA33D226C454CC00D839F2 /* TaskDetailViewController.swift in Sources */,
				5706590F272ABEC600850249 /* UITableView.swift in Sources */,
				575382EB26EE523D00FA03E5 /* TaskDetailViewDataSource.swift in Sources */,
				57BAFDDB2754FA94001842F9 /* TaskDoneViewCell.swift in Sources */,
				5776C5F7271F94A300837301 /* TaskListTableViewCell.swift in Sources */,
				5795176726AF2D420019280E /* AppDelegate.swift in Sources */,
				5795178026AF2F6B0019280E /* TaskListViewController.swift in Sources */,
				5795178126AF2F6B0019280E /* Task.swift in Sources */,
				5795176926AF2D420019280E /* SceneDelegate.swift in Sources */,
				577388AC2733508100677677 /* TaskDueDate.swift in Sources */,
				57D6288D272C7341000B6D0D /* TaskDetailTableViewCell.swift in Sources */,
				577388AA273074D800677677 /* TaskDoneTableViewController.swift in Sources */,
				5785FFBC26EBDB890035175F /* TaskListDataSource.swift in Sources */,
				578309E1272B68BB0037EB4A /* TaskAccessObject.swift in Sources */,
			);
			runOnlyForDeploymentPostprocessing = 0;
		};
/* End PBXSourcesBuildPhase section */

/* Begin PBXVariantGroup section */
		5795176C26AF2D420019280E /* Main.storyboard */ = {
			isa = PBXVariantGroup;
			children = (
				5795176D26AF2D420019280E /* Base */,
			);
			name = Main.storyboard;
			sourceTree = "<group>";
		};
		5795177126AF2D4A0019280E /* LaunchScreen.storyboard */ = {
			isa = PBXVariantGroup;
			children = (
				5795177226AF2D4A0019280E /* Base */,
			);
			name = LaunchScreen.storyboard;
			sourceTree = "<group>";
		};
/* End PBXVariantGroup section */

/* Begin XCBuildConfiguration section */
		5795177526AF2D4A0019280E /* Debug */ = {
			isa = XCBuildConfiguration;
			buildSettings = {
				ALWAYS_SEARCH_USER_PATHS = NO;
				CLANG_ANALYZER_NONNULL = YES;
				CLANG_ANALYZER_NUMBER_OBJECT_CONVERSION = YES_AGGRESSIVE;
				CLANG_CXX_LANGUAGE_STANDARD = "gnu++14";
				CLANG_CXX_LIBRARY = "libc++";
				CLANG_ENABLE_MODULES = YES;
				CLANG_ENABLE_OBJC_ARC = YES;
				CLANG_ENABLE_OBJC_WEAK = YES;
				CLANG_WARN_BLOCK_CAPTURE_AUTORELEASING = YES;
				CLANG_WARN_BOOL_CONVERSION = YES;
				CLANG_WARN_COMMA = YES;
				CLANG_WARN_CONSTANT_CONVERSION = YES;
				CLANG_WARN_DEPRECATED_OBJC_IMPLEMENTATIONS = YES;
				CLANG_WARN_DIRECT_OBJC_ISA_USAGE = YES_ERROR;
				CLANG_WARN_DOCUMENTATION_COMMENTS = YES;
				CLANG_WARN_EMPTY_BODY = YES;
				CLANG_WARN_ENUM_CONVERSION = YES;
				CLANG_WARN_INFINITE_RECURSION = YES;
				CLANG_WARN_INT_CONVERSION = YES;
				CLANG_WARN_NON_LITERAL_NULL_CONVERSION = YES;
				CLANG_WARN_OBJC_IMPLICIT_RETAIN_SELF = YES;
				CLANG_WARN_OBJC_LITERAL_CONVERSION = YES;
				CLANG_WARN_OBJC_ROOT_CLASS = YES_ERROR;
				CLANG_WARN_QUOTED_INCLUDE_IN_FRAMEWORK_HEADER = YES;
				CLANG_WARN_RANGE_LOOP_ANALYSIS = YES;
				CLANG_WARN_STRICT_PROTOTYPES = YES;
				CLANG_WARN_SUSPICIOUS_MOVE = YES;
				CLANG_WARN_UNGUARDED_AVAILABILITY = YES_AGGRESSIVE;
				CLANG_WARN_UNREACHABLE_CODE = YES;
				CLANG_WARN__DUPLICATE_METHOD_MATCH = YES;
				COPY_PHASE_STRIP = NO;
				DEBUG_INFORMATION_FORMAT = dwarf;
				ENABLE_STRICT_OBJC_MSGSEND = YES;
				ENABLE_TESTABILITY = YES;
				GCC_C_LANGUAGE_STANDARD = gnu11;
				GCC_DYNAMIC_NO_PIC = NO;
				GCC_NO_COMMON_BLOCKS = YES;
				GCC_OPTIMIZATION_LEVEL = 0;
				GCC_PREPROCESSOR_DEFINITIONS = (
					"DEBUG=1",
					"$(inherited)",
				);
				GCC_WARN_64_TO_32_BIT_CONVERSION = YES;
				GCC_WARN_ABOUT_RETURN_TYPE = YES_ERROR;
				GCC_WARN_UNDECLARED_SELECTOR = YES;
				GCC_WARN_UNINITIALIZED_AUTOS = YES_AGGRESSIVE;
				GCC_WARN_UNUSED_FUNCTION = YES;
				GCC_WARN_UNUSED_VARIABLE = YES;
				IPHONEOS_DEPLOYMENT_TARGET = 14.5;
				MTL_ENABLE_DEBUG_INFO = INCLUDE_SOURCE;
				MTL_FAST_MATH = YES;
				ONLY_ACTIVE_ARCH = YES;
				SDKROOT = iphoneos;
				SWIFT_ACTIVE_COMPILATION_CONDITIONS = DEBUG;
				SWIFT_OPTIMIZATION_LEVEL = "-Onone";
			};
			name = Debug;
		};
		5795177626AF2D4A0019280E /* Release */ = {
			isa = XCBuildConfiguration;
			buildSettings = {
				ALWAYS_SEARCH_USER_PATHS = NO;
				CLANG_ANALYZER_NONNULL = YES;
				CLANG_ANALYZER_NUMBER_OBJECT_CONVERSION = YES_AGGRESSIVE;
				CLANG_CXX_LANGUAGE_STANDARD = "gnu++14";
				CLANG_CXX_LIBRARY = "libc++";
				CLANG_ENABLE_MODULES = YES;
				CLANG_ENABLE_OBJC_ARC = YES;
				CLANG_ENABLE_OBJC_WEAK = YES;
				CLANG_WARN_BLOCK_CAPTURE_AUTORELEASING = YES;
				CLANG_WARN_BOOL_CONVERSION = YES;
				CLANG_WARN_COMMA = YES;
				CLANG_WARN_CONSTANT_CONVERSION = YES;
				CLANG_WARN_DEPRECATED_OBJC_IMPLEMENTATIONS = YES;
				CLANG_WARN_DIRECT_OBJC_ISA_USAGE = YES_ERROR;
				CLANG_WARN_DOCUMENTATION_COMMENTS = YES;
				CLANG_WARN_EMPTY_BODY = YES;
				CLANG_WARN_ENUM_CONVERSION = YES;
				CLANG_WARN_INFINITE_RECURSION = YES;
				CLANG_WARN_INT_CONVERSION = YES;
				CLANG_WARN_NON_LITERAL_NULL_CONVERSION = YES;
				CLANG_WARN_OBJC_IMPLICIT_RETAIN_SELF = YES;
				CLANG_WARN_OBJC_LITERAL_CONVERSION = YES;
				CLANG_WARN_OBJC_ROOT_CLASS = YES_ERROR;
				CLANG_WARN_QUOTED_INCLUDE_IN_FRAMEWORK_HEADER = YES;
				CLANG_WARN_RANGE_LOOP_ANALYSIS = YES;
				CLANG_WARN_STRICT_PROTOTYPES = YES;
				CLANG_WARN_SUSPICIOUS_MOVE = YES;
				CLANG_WARN_UNGUARDED_AVAILABILITY = YES_AGGRESSIVE;
				CLANG_WARN_UNREACHABLE_CODE = YES;
				CLANG_WARN__DUPLICATE_METHOD_MATCH = YES;
				COPY_PHASE_STRIP = NO;
				DEBUG_INFORMATION_FORMAT = "dwarf-with-dsym";
				ENABLE_NS_ASSERTIONS = NO;
				ENABLE_STRICT_OBJC_MSGSEND = YES;
				GCC_C_LANGUAGE_STANDARD = gnu11;
				GCC_NO_COMMON_BLOCKS = YES;
				GCC_WARN_64_TO_32_BIT_CONVERSION = YES;
				GCC_WARN_ABOUT_RETURN_TYPE = YES_ERROR;
				GCC_WARN_UNDECLARED_SELECTOR = YES;
				GCC_WARN_UNINITIALIZED_AUTOS = YES_AGGRESSIVE;
				GCC_WARN_UNUSED_FUNCTION = YES;
				GCC_WARN_UNUSED_VARIABLE = YES;
				IPHONEOS_DEPLOYMENT_TARGET = 14.5;
				MTL_ENABLE_DEBUG_INFO = NO;
				MTL_FAST_MATH = YES;
				SDKROOT = iphoneos;
				SWIFT_COMPILATION_MODE = wholemodule;
				SWIFT_OPTIMIZATION_LEVEL = "-O";
				VALIDATE_PRODUCT = YES;
			};
			name = Release;
		};
		5795177826AF2D4A0019280E /* Debug */ = {
			isa = XCBuildConfiguration;
			baseConfigurationReference = 6D8CDE47A3C21DA2A1BD2A60 /* Pods-Task.debug.xcconfig */;
			buildSettings = {
				ASSETCATALOG_COMPILER_APPICON_NAME = AppIcon;
				ASSETCATALOG_COMPILER_GLOBAL_ACCENT_COLOR_NAME = AccentColor;
				CODE_SIGN_STYLE = Automatic;
				DEVELOPMENT_TEAM = BQD43L5A49;
				INFOPLIST_FILE = Task/Info.plist;
				LD_RUNPATH_SEARCH_PATHS = (
					"$(inherited)",
					"@executable_path/Frameworks",
				);
				PRODUCT_BUNDLE_IDENTIFIER = "Victor-Mendes.Task";
				PRODUCT_NAME = "$(TARGET_NAME)";
				SWIFT_VERSION = 5.0;
				TARGETED_DEVICE_FAMILY = "1,2";
			};
			name = Debug;
		};
		5795177926AF2D4A0019280E /* Release */ = {
			isa = XCBuildConfiguration;
			baseConfigurationReference = DCF0595063BC9B435AA11F37 /* Pods-Task.release.xcconfig */;
			buildSettings = {
				ASSETCATALOG_COMPILER_APPICON_NAME = AppIcon;
				ASSETCATALOG_COMPILER_GLOBAL_ACCENT_COLOR_NAME = AccentColor;
				CODE_SIGN_STYLE = Automatic;
				DEVELOPMENT_TEAM = BQD43L5A49;
				INFOPLIST_FILE = Task/Info.plist;
				LD_RUNPATH_SEARCH_PATHS = (
					"$(inherited)",
					"@executable_path/Frameworks",
				);
				PRODUCT_BUNDLE_IDENTIFIER = "Victor-Mendes.Task";
				PRODUCT_NAME = "$(TARGET_NAME)";
				SWIFT_VERSION = 5.0;
				TARGETED_DEVICE_FAMILY = "1,2";
			};
			name = Release;
		};
/* End XCBuildConfiguration section */

/* Begin XCConfigurationList section */
		5795175E26AF2D410019280E /* Build configuration list for PBXProject "Task" */ = {
			isa = XCConfigurationList;
			buildConfigurations = (
				5795177526AF2D4A0019280E /* Debug */,
				5795177626AF2D4A0019280E /* Release */,
			);
			defaultConfigurationIsVisible = 0;
			defaultConfigurationName = Release;
		};
		5795177726AF2D4A0019280E /* Build configuration list for PBXNativeTarget "Task" */ = {
			isa = XCConfigurationList;
			buildConfigurations = (
				5795177826AF2D4A0019280E /* Debug */,
				5795177926AF2D4A0019280E /* Release */,
			);
			defaultConfigurationIsVisible = 0;
			defaultConfigurationName = Release;
		};
/* End XCConfigurationList section */
	};
	rootObject = 5795175B26AF2D410019280E /* Project object */;
}
